// !$*UTF8*$!
{
	archiveVersion = 1;
	classes = {
	};
	objectVersion = 55;
	objects = {

/* Begin PBXBuildFile section */
		8EA89BA8274775AE008F5BC4 /* MapView.swift in Sources */ = {isa = PBXBuildFile; fileRef = 8EA89BA7274775AE008F5BC4 /* MapView.swift */; };
		8ED5A2CC2744E30600896978 /* Maps_LocationApp.swift in Sources */ = {isa = PBXBuildFile; fileRef = 8ED5A2CB2744E30600896978 /* Maps_LocationApp.swift */; };
		8ED5A2CE2744E30600896978 /* ContentView.swift in Sources */ = {isa = PBXBuildFile; fileRef = 8ED5A2CD2744E30600896978 /* ContentView.swift */; };
		8ED5A2D02744E30800896978 /* Assets.xcassets in Resources */ = {isa = PBXBuildFile; fileRef = 8ED5A2CF2744E30800896978 /* Assets.xcassets */; };
		8ED5A2D32744E30800896978 /* Preview Assets.xcassets in Resources */ = {isa = PBXBuildFile; fileRef = 8ED5A2D22744E30800896978 /* Preview Assets.xcassets */; };
		8ED5A2DC2744EF2800896978 /* LocationPhoto.swift in Sources */ = {isa = PBXBuildFile; fileRef = 8ED5A2DB2744EF2800896978 /* LocationPhoto.swift */; };
		8ED5A2DE2744EF4300896978 /* PlacesDetailView.swift in Sources */ = {isa = PBXBuildFile; fileRef = 8ED5A2DD2744EF4300896978 /* PlacesDetailView.swift */; };
		8ED5A2E02744EF5100896978 /* RoadView.swift in Sources */ = {isa = PBXBuildFile; fileRef = 8ED5A2DF2744EF5100896978 /* RoadView.swift */; };
		8ED5A2E22744EF6500896978 /* TitleView.swift in Sources */ = {isa = PBXBuildFile; fileRef = 8ED5A2E12744EF6500896978 /* TitleView.swift */; };
		8ED5A2E42745022B00896978 /* places.json in Resources */ = {isa = PBXBuildFile; fileRef = 8ED5A2E32745022B00896978 /* places.json */; };
		8ED5A2E62745025900896978 /* PlaceModel.swift in Sources */ = {isa = PBXBuildFile; fileRef = 8ED5A2E52745025900896978 /* PlaceModel.swift */; };
		8ED5A2E82745032A00896978 /* MapDirectory.swift in Sources */ = {isa = PBXBuildFile; fileRef = 8ED5A2E72745032A00896978 /* MapDirectory.swift */; };
/* End PBXBuildFile section */

/* Begin PBXFileReference section */
		8EA89BA7274775AE008F5BC4 /* MapView.swift */ = {isa = PBXFileReference; lastKnownFileType = sourcecode.swift; path = MapView.swift; sourceTree = "<group>"; };
		8ED5A2C82744E30600896978 /* Maps&Location.app */ = {isa = PBXFileReference; explicitFileType = wrapper.application; includeInIndex = 0; path = "Maps&Location.app"; sourceTree = BUILT_PRODUCTS_DIR; };
		8ED5A2CB2744E30600896978 /* Maps_LocationApp.swift */ = {isa = PBXFileReference; lastKnownFileType = sourcecode.swift; path = Maps_LocationApp.swift; sourceTree = "<group>"; };
		8ED5A2CD2744E30600896978 /* ContentView.swift */ = {isa = PBXFileReference; lastKnownFileType = sourcecode.swift; path = ContentView.swift; sourceTree = "<group>"; };
		8ED5A2CF2744E30800896978 /* Assets.xcassets */ = {isa = PBXFileReference; lastKnownFileType = folder.assetcatalog; path = Assets.xcassets; sourceTree = "<group>"; };
		8ED5A2D22744E30800896978 /* Preview Assets.xcassets */ = {isa = PBXFileReference; lastKnownFileType = folder.assetcatalog; path = "Preview Assets.xcassets"; sourceTree = "<group>"; };
		8ED5A2DB2744EF2800896978 /* LocationPhoto.swift */ = {isa = PBXFileReference; lastKnownFileType = sourcecode.swift; path = LocationPhoto.swift; sourceTree = "<group>"; };
		8ED5A2DD2744EF4300896978 /* PlacesDetailView.swift */ = {isa = PBXFileReference; lastKnownFileType = sourcecode.swift; path = PlacesDetailView.swift; sourceTree = "<group>"; };
		8ED5A2DF2744EF5100896978 /* RoadView.swift */ = {isa = PBXFileReference; lastKnownFileType = sourcecode.swift; path = RoadView.swift; sourceTree = "<group>"; };
		8ED5A2E12744EF6500896978 /* TitleView.swift */ = {isa = PBXFileReference; lastKnownFileType = sourcecode.swift; path = TitleView.swift; sourceTree = "<group>"; };
		8ED5A2E32745022B00896978 /* places.json */ = {isa = PBXFileReference; fileEncoding = 4; lastKnownFileType = text.json; path = places.json; sourceTree = "<group>"; };
		8ED5A2E52745025900896978 /* PlaceModel.swift */ = {isa = PBXFileReference; lastKnownFileType = sourcecode.swift; path = PlaceModel.swift; sourceTree = "<group>"; };
		8ED5A2E72745032A00896978 /* MapDirectory.swift */ = {isa = PBXFileReference; lastKnownFileType = sourcecode.swift; path = MapDirectory.swift; sourceTree = "<group>"; };
/* End PBXFileReference section */

/* Begin PBXFrameworksBuildPhase section */
		8ED5A2C52744E30600896978 /* Frameworks */ = {
			isa = PBXFrameworksBuildPhase;
			buildActionMask = 2147483647;
			files = (
			);
			runOnlyForDeploymentPostprocessing = 0;
		};
/* End PBXFrameworksBuildPhase section */

/* Begin PBXGroup section */
		8ED5A2BF2744E30600896978 = {
			isa = PBXGroup;
			children = (
				8ED5A2CA2744E30600896978 /* Maps&Location */,
				8ED5A2C92744E30600896978 /* Products */,
			);
			sourceTree = "<group>";
		};
		8ED5A2C92744E30600896978 /* Products */ = {
			isa = PBXGroup;
			children = (
				8ED5A2C82744E30600896978 /* Maps&Location.app */,
			);
			name = Products;
			sourceTree = "<group>";
		};
		8ED5A2CA2744E30600896978 /* Maps&Location */ = {
			isa = PBXGroup;
			children = (
				8ED5A2DA2744ECCE00896978 /* Views */,
				8ED5A2CB2744E30600896978 /* Maps_LocationApp.swift */,
				8ED5A2D92744ECC400896978 /* Model */,
				8ED5A2CF2744E30800896978 /* Assets.xcassets */,
				8ED5A2D12744E30800896978 /* Preview Content */,
			);
			path = "Maps&Location";
			sourceTree = "<group>";
		};
		8ED5A2D12744E30800896978 /* Preview Content */ = {
			isa = PBXGroup;
			children = (
				8ED5A2D22744E30800896978 /* Preview Assets.xcassets */,
			);
			path = "Preview Content";
			sourceTree = "<group>";
		};
		8ED5A2D92744ECC400896978 /* Model */ = {
			isa = PBXGroup;
			children = (
				8ED5A2E32745022B00896978 /* places.json */,
				8ED5A2E52745025900896978 /* PlaceModel.swift */,
				8ED5A2E72745032A00896978 /* MapDirectory.swift */,
			);
			path = Model;
			sourceTree = "<group>";
		};
		8ED5A2DA2744ECCE00896978 /* Views */ = {
			isa = PBXGroup;
			children = (
				8ED5A2CD2744E30600896978 /* ContentView.swift */,
				8ED5A2DB2744EF2800896978 /* LocationPhoto.swift */,
				8ED5A2DD2744EF4300896978 /* PlacesDetailView.swift */,
				8ED5A2DF2744EF5100896978 /* RoadView.swift */,
				8ED5A2E12744EF6500896978 /* TitleView.swift */,
				8EA89BA7274775AE008F5BC4 /* MapView.swift */,
			);
			path = Views;
			sourceTree = "<group>";
		};
/* End PBXGroup section */

/* Begin PBXNativeTarget section */
		8ED5A2C72744E30600896978 /* Maps&Location */ = {
			isa = PBXNativeTarget;
			buildConfigurationList = 8ED5A2D62744E30800896978 /* Build configuration list for PBXNativeTarget "Maps&Location" */;
			buildPhases = (
				8ED5A2C42744E30600896978 /* Sources */,
				8ED5A2C52744E30600896978 /* Frameworks */,
				8ED5A2C62744E30600896978 /* Resources */,
			);
			buildRules = (
			);
			dependencies = (
			);
			name = "Maps&Location";
			productName = "Maps&Location";
			productReference = 8ED5A2C82744E30600896978 /* Maps&Location.app */;
			productType = "com.apple.product-type.application";
		};
/* End PBXNativeTarget section */

/* Begin PBXProject section */
		8ED5A2C02744E30600896978 /* Project object */ = {
			isa = PBXProject;
			attributes = {
				BuildIndependentTargetsInParallel = 1;
				LastSwiftUpdateCheck = 1310;
				LastUpgradeCheck = 1310;
				TargetAttributes = {
					8ED5A2C72744E30600896978 = {
						CreatedOnToolsVersion = 13.1;
					};
				};
			};
			buildConfigurationList = 8ED5A2C32744E30600896978 /* Build configuration list for PBXProject "Maps&Location" */;
			compatibilityVersion = "Xcode 13.0";
			developmentRegion = en;
			hasScannedForEncodings = 0;
			knownRegions = (
				en,
				Base,
			);
			mainGroup = 8ED5A2BF2744E30600896978;
			productRefGroup = 8ED5A2C92744E30600896978 /* Products */;
			projectDirPath = "";
			projectRoot = "";
			targets = (
				8ED5A2C72744E30600896978 /* Maps&Location */,
			);
		};
/* End PBXProject section */

/* Begin PBXResourcesBuildPhase section */
		8ED5A2C62744E30600896978 /* Resources */ = {
			isa = PBXResourcesBuildPhase;
			buildActionMask = 2147483647;
			files = (
				8ED5A2E42745022B00896978 /* places.json in Resources */,
				8ED5A2D32744E30800896978 /* Preview Assets.xcassets in Resources */,
				8ED5A2D02744E30800896978 /* Assets.xcassets in Resources */,
			);
			runOnlyForDeploymentPostprocessing = 0;
		};
/* End PBXResourcesBuildPhase section */

/* Begin PBXSourcesBuildPhase section */
		8ED5A2C42744E30600896978 /* Sources */ = {
			isa = PBXSourcesBuildPhase;
			buildActionMask = 2147483647;
			files = (
				8ED5A2E82745032A00896978 /* MapDirectory.swift in Sources */,
				8ED5A2CE2744E30600896978 /* ContentView.swift in Sources */,
				8ED5A2DC2744EF2800896978 /* LocationPhoto.swift in Sources */,
				8ED5A2CC2744E30600896978 /* Maps_LocationApp.swift in Sources */,
				8ED5A2E02744EF5100896978 /* RoadView.swift in Sources */,
				8ED5A2E62745025900896978 /* PlaceModel.swift in Sources */,
				8ED5A2DE2744EF4300896978 /* PlacesDetailView.swift in Sources */,
				8EA89BA8274775AE008F5BC4 /* MapView.swift in Sources */,
				8ED5A2E22744EF6500896978 /* TitleView.swift in Sources */,
			);
			runOnlyForDeploymentPostprocessing = 0;
		};
/* End PBXSourcesBuildPhase section */

/* Begin XCBuildConfiguration section */
		8ED5A2D42744E30800896978 /* Debug */ = {
			isa = XCBuildConfiguration;
			buildSettings = {
				ALWAYS_SEARCH_USER_PATHS = NO;
				CLANG_ANALYZER_NONNULL = YES;
				CLANG_ANALYZER_NUMBER_OBJECT_CONVERSION = YES_AGGRESSIVE;
				CLANG_CXX_LANGUAGE_STANDARD = "gnu++17";
				CLANG_CXX_LIBRARY = "libc++";
				CLANG_ENABLE_MODULES = YES;
				CLANG_ENABLE_OBJC_ARC = YES;
				CLANG_ENABLE_OBJC_WEAK = YES;
				CLANG_WARN_BLOCK_CAPTURE_AUTORELEASING = YES;
				CLANG_WARN_BOOL_CONVERSION = YES;
				CLANG_WARN_COMMA = YES;
				CLANG_WARN_CONSTANT_CONVERSION = YES;
				CLANG_WARN_DEPRECATED_OBJC_IMPLEMENTATIONS = YES;
				CLANG_WARN_DIRECT_OBJC_ISA_USAGE = YES_ERROR;
				CLANG_WARN_DOCUMENTATION_COMMENTS = YES;
				CLANG_WARN_EMPTY_BODY = YES;
				CLANG_WARN_ENUM_CONVERSION = YES;
				CLANG_WARN_INFINITE_RECURSION = YES;
				CLANG_WARN_INT_CONVERSION = YES;
				CLANG_WARN_NON_LITERAL_NULL_CONVERSION = YES;
				CLANG_WARN_OBJC_IMPLICIT_RETAIN_SELF = YES;
				CLANG_WARN_OBJC_LITERAL_CONVERSION = YES;
				CLANG_WARN_OBJC_ROOT_CLASS = YES_ERROR;
				CLANG_WARN_QUOTED_INCLUDE_IN_FRAMEWORK_HEADER = YES;
				CLANG_WARN_RANGE_LOOP_ANALYSIS = YES;
				CLANG_WARN_STRICT_PROTOTYPES = YES;
				CLANG_WARN_SUSPICIOUS_MOVE = YES;
				CLANG_WARN_UNGUARDED_AVAILABILITY = YES_AGGRESSIVE;
				CLANG_WARN_UNREACHABLE_CODE = YES;
				CLANG_WARN__DUPLICATE_METHOD_MATCH = YES;
				COPY_PHASE_STRIP = NO;
				DEBUG_INFORMATION_FORMAT = dwarf;
				ENABLE_STRICT_OBJC_MSGSEND = YES;
				ENABLE_TESTABILITY = YES;
				GCC_C_LANGUAGE_STANDARD = gnu11;
				GCC_DYNAMIC_NO_PIC = NO;
				GCC_NO_COMMON_BLOCKS = YES;
				GCC_OPTIMIZATION_LEVEL = 0;
				GCC_PREPROCESSOR_DEFINITIONS = (
					"DEBUG=1",
					"$(inherited)",
				);
				GCC_WARN_64_TO_32_BIT_CONVERSION = YES;
				GCC_WARN_ABOUT_RETURN_TYPE = YES_ERROR;
				GCC_WARN_UNDECLARED_SELECTOR = YES;
				GCC_WARN_UNINITIALIZED_AUTOS = YES_AGGRESSIVE;
				GCC_WARN_UNUSED_FUNCTION = YES;
				GCC_WARN_UNUSED_VARIABLE = YES;
				IPHONEOS_DEPLOYMENT_TARGET = 15.0;
				MTL_ENABLE_DEBUG_INFO = INCLUDE_SOURCE;
				MTL_FAST_MATH = YES;
				ONLY_ACTIVE_ARCH = YES;
				SDKROOT = iphoneos;
				SWIFT_ACTIVE_COMPILATION_CONDITIONS = DEBUG;
				SWIFT_OPTIMIZATION_LEVEL = "-Onone";
			};
			name = Debug;
		};
		8ED5A2D52744E30800896978 /* Release */ = {
			isa = XCBuildConfiguration;
			buildSettings = {
				ALWAYS_SEARCH_USER_PATHS = NO;
				CLANG_ANALYZER_NONNULL = YES;
				CLANG_ANALYZER_NUMBER_OBJECT_CONVERSION = YES_AGGRESSIVE;
				CLANG_CXX_LANGUAGE_STANDARD = "gnu++17";
				CLANG_CXX_LIBRARY = "libc++";
				CLANG_ENABLE_MODULES = YES;
				CLANG_ENABLE_OBJC_ARC = YES;
				CLANG_ENABLE_OBJC_WEAK = YES;
				CLANG_WARN_BLOCK_CAPTURE_AUTORELEASING = YES;
				CLANG_WARN_BOOL_CONVERSION = YES;
				CLANG_WARN_COMMA = YES;
				CLANG_WARN_CONSTANT_CONVERSION = YES;
				CLANG_WARN_DEPRECATED_OBJC_IMPLEMENTATIONS = YES;
				CLANG_WARN_DIRECT_OBJC_ISA_USAGE = YES_ERROR;
				CLANG_WARN_DOCUMENTATION_COMMENTS = YES;
				CLANG_WARN_EMPTY_BODY = YES;
				CLANG_WARN_ENUM_CONVERSION = YES;
				CLANG_WARN_INFINITE_RECURSION = YES;
				CLANG_WARN_INT_CONVERSION = YES;
				CLANG_WARN_NON_LITERAL_NULL_CONVERSION = YES;
				CLANG_WARN_OBJC_IMPLICIT_RETAIN_SELF = YES;
				CLANG_WARN_OBJC_LITERAL_CONVERSION = YES;
				CLANG_WARN_OBJC_ROOT_CLASS = YES_ERROR;
				CLANG_WARN_QUOTED_INCLUDE_IN_FRAMEWORK_HEADER = YES;
				CLANG_WARN_RANGE_LOOP_ANALYSIS = YES;
				CLANG_WARN_STRICT_PROTOTYPES = YES;
				CLANG_WARN_SUSPICIOUS_MOVE = YES;
				CLANG_WARN_UNGUARDED_AVAILABILITY = YES_AGGRESSIVE;
				CLANG_WARN_UNREACHABLE_CODE = YES;
				CLANG_WARN__DUPLICATE_METHOD_MATCH = YES;
				COPY_PHASE_STRIP = NO;
				DEBUG_INFORMATION_FORMAT = "dwarf-with-dsym";
				ENABLE_NS_ASSERTIONS = NO;
				ENABLE_STRICT_OBJC_MSGSEND = YES;
				GCC_C_LANGUAGE_STANDARD = gnu11;
				GCC_NO_COMMON_BLOCKS = YES;
				GCC_WARN_64_TO_32_BIT_CONVERSION = YES;
				GCC_WARN_ABOUT_RETURN_TYPE = YES_ERROR;
				GCC_WARN_UNDECLARED_SELECTOR = YES;
				GCC_WARN_UNINITIALIZED_AUTOS = YES_AGGRESSIVE;
				GCC_WARN_UNUSED_FUNCTION = YES;
				GCC_WARN_UNUSED_VARIABLE = YES;
				IPHONEOS_DEPLOYMENT_TARGET = 15.0;
				MTL_ENABLE_DEBUG_INFO = NO;
				MTL_FAST_MATH = YES;
				SDKROOT = iphoneos;
				SWIFT_COMPILATION_MODE = wholemodule;
				SWIFT_OPTIMIZATION_LEVEL = "-O";
				VALIDATE_PRODUCT = YES;
			};
			name = Release;
		};
		8ED5A2D72744E30800896978 /* Debug */ = {
			isa = XCBuildConfiguration;
			buildSettings = {
				ASSETCATALOG_COMPILER_APPICON_NAME = AppIcon;
				ASSETCATALOG_COMPILER_GLOBAL_ACCENT_COLOR_NAME = AccentColor;
				CODE_SIGN_STYLE = Automatic;
				CURRENT_PROJECT_VERSION = 1;
				DEVELOPMENT_ASSET_PATHS = "\"Maps&Location/Preview Content\"";
				DEVELOPMENT_TEAM = 8C93KVSWF7;
				ENABLE_PREVIEWS = YES;
				GENERATE_INFOPLIST_FILE = YES;
				INFOPLIST_KEY_UIApplicationSceneManifest_Generation = YES;
				INFOPLIST_KEY_UIApplicationSupportsIndirectInputEvents = YES;
				INFOPLIST_KEY_UILaunchScreen_Generation = YES;
				INFOPLIST_KEY_UISupportedInterfaceOrientations_iPad = "UIInterfaceOrientationPortrait UIInterfaceOrientationPortraitUpsideDown UIInterfaceOrientationLandscapeLeft UIInterfaceOrientationLandscapeRight";
				INFOPLIST_KEY_UISupportedInterfaceOrientations_iPhone = "UIInterfaceOrientationPortrait UIInterfaceOrientationLandscapeLeft UIInterfaceOrientationLandscapeRight";
				LD_RUNPATH_SEARCH_PATHS = (
					"$(inherited)",
					"@executable_path/Frameworks",
				);
				MARKETING_VERSION = 1.0;
				PRODUCT_BUNDLE_IDENTIFIER = "com.jess.Maps-Location";
				PRODUCT_NAME = "$(TARGET_NAME)";
				SWIFT_EMIT_LOC_STRINGS = YES;
				SWIFT_VERSION = 5.0;
				TARGETED_DEVICE_FAMILY = "1,2";
			};
			name = Debug;
		};
		8ED5A2D82744E30800896978 /* Release */ = {
			isa = XCBuildConfiguration;
			buildSettings = {
				ASSETCATALOG_COMPILER_APPICON_NAME = AppIcon;
				ASSETCATALOG_COMPILER_GLOBAL_ACCENT_COLOR_NAME = AccentColor;
				CODE_SIGN_STYLE = Automatic;
				CURRENT_PROJECT_VERSION = 1;
				DEVELOPMENT_ASSET_PATHS = "\"Maps&Location/Preview Content\"";
				DEVELOPMENT_TEAM = 8C93KVSWF7;
				ENABLE_PREVIEWS = YES;
				GENERATE_INFOPLIST_FILE = YES;
				INFOPLIST_KEY_UIApplicationSceneManifest_Generation = YES;
				INFOPLIST_KEY_UIApplicationSupportsIndirectInputEvents = YES;
				INFOPLIST_KEY_UILaunchScreen_Generation = YES;
				INFOPLIST_KEY_UISupportedInterfaceOrientations_iPad = "UIInterfaceOrientationPortrait UIInterfaceOrientationPortraitUpsideDown UIInterfaceOrientationLandscapeLeft UIInterfaceOrientationLandscapeRight";
				INFOPLIST_KEY_UISupportedInterfaceOrientations_iPhone = "UIInterfaceOrientationPortrait UIInterfaceOrientationLandscapeLeft UIInterfaceOrientationLandscapeRight";
				LD_RUNPATH_SEARCH_PATHS = (
					"$(inherited)",
					"@executable_path/Frameworks",
				);
				MARKETING_VERSION = 1.0;
				PRODUCT_BUNDLE_IDENTIFIER = "com.jess.Maps-Location";
				PRODUCT_NAME = "$(TARGET_NAME)";
				SWIFT_EMIT_LOC_STRINGS = YES;
				SWIFT_VERSION = 5.0;
				TARGETED_DEVICE_FAMILY = "1,2";
			};
			name = Release;
		};
/* End XCBuildConfiguration section */

/* Begin XCConfigurationList section */
		8ED5A2C32744E30600896978 /* Build configuration list for PBXProject "Maps&Location" */ = {
			isa = XCConfigurationList;
			buildConfigurations = (
				8ED5A2D42744E30800896978 /* Debug */,
				8ED5A2D52744E30800896978 /* Release */,
			);
			defaultConfigurationIsVisible = 0;
			defaultConfigurationName = Release;
		};
		8ED5A2D62744E30800896978 /* Build configuration list for PBXNativeTarget "Maps&Location" */ = {
			isa = XCConfigurationList;
			buildConfigurations = (
				8ED5A2D72744E30800896978 /* Debug */,
				8ED5A2D82744E30800896978 /* Release */,
			);
			defaultConfigurationIsVisible = 0;
			defaultConfigurationName = Release;
		};
/* End XCConfigurationList section */
	};
	rootObject = 8ED5A2C02744E30600896978 /* Project object */;
}
